// !$*UTF8*$!
{
	archiveVersion = 1;
	classes = {
	};
	objectVersion = 77;
	objects = {

/* Begin PBXBuildFile section */
		451155C82D2C632000DAAFFA /* WebRTC in Frameworks */ = {isa = PBXBuildFile; productRef = 451155C72D2C632000DAAFFA /* WebRTC */; };
		451155D02D2EA2F600DAAFFA /* SocketIO in Frameworks */ = {isa = PBXBuildFile; productRef = 451155CF2D2EA2F600DAAFFA /* SocketIO */; };
/* End PBXBuildFile section */

/* Begin PBXContainerItemProxy section */
		451155A82D2C5D5600DAAFFA /* PBXContainerItemProxy */ = {
			isa = PBXContainerItemProxy;
			containerPortal = 4511558F2D2C5D5400DAAFFA /* Project object */;
			proxyType = 1;
			remoteGlobalIDString = 451155962D2C5D5400DAAFFA;
			remoteInfo = LVP;
		};
		451155B22D2C5D5600DAAFFA /* PBXContainerItemProxy */ = {
			isa = PBXContainerItemProxy;
			containerPortal = 4511558F2D2C5D5400DAAFFA /* Project object */;
			proxyType = 1;
			remoteGlobalIDString = 451155962D2C5D5400DAAFFA;
			remoteInfo = LVP;
		};
/* End PBXContainerItemProxy section */

/* Begin PBXFileReference section */
		451155972D2C5D5400DAAFFA /* LVP.app */ = {isa = PBXFileReference; explicitFileType = wrapper.application; includeInIndex = 0; path = LVP.app; sourceTree = BUILT_PRODUCTS_DIR; };
		451155A72D2C5D5600DAAFFA /* LVPTests.xctest */ = {isa = PBXFileReference; explicitFileType = wrapper.cfbundle; includeInIndex = 0; path = LVPTests.xctest; sourceTree = BUILT_PRODUCTS_DIR; };
		451155B12D2C5D5600DAAFFA /* LVPUITests.xctest */ = {isa = PBXFileReference; explicitFileType = wrapper.cfbundle; includeInIndex = 0; path = LVPUITests.xctest; sourceTree = BUILT_PRODUCTS_DIR; };
/* End PBXFileReference section */

/* Begin PBXFileSystemSynchronizedBuildFileExceptionSet section */
		451155FC2D359D0400DAAFFA /* Exceptions for "LVP" folder in "LVP" target */ = {
			isa = PBXFileSystemSynchronizedBuildFileExceptionSet;
			membershipExceptions = (
				Info.plist,
			);
			target = 451155962D2C5D5400DAAFFA /* LVP */;
		};
/* End PBXFileSystemSynchronizedBuildFileExceptionSet section */

/* Begin PBXFileSystemSynchronizedRootGroup section */
		451155992D2C5D5400DAAFFA /* LVP */ = {
			isa = PBXFileSystemSynchronizedRootGroup;
			exceptions = (
				451155FC2D359D0400DAAFFA /* Exceptions for "LVP" folder in "LVP" target */,
			);
			path = LVP;
			sourceTree = "<group>";
		};
		451155AA2D2C5D5600DAAFFA /* LVPTests */ = {
			isa = PBXFileSystemSynchronizedRootGroup;
			path = LVPTests;
			sourceTree = "<group>";
		};
		451155B42D2C5D5600DAAFFA /* LVPUITests */ = {
			isa = PBXFileSystemSynchronizedRootGroup;
			path = LVPUITests;
			sourceTree = "<group>";
		};
/* End PBXFileSystemSynchronizedRootGroup section */

/* Begin PBXFrameworksBuildPhase section */
		451155942D2C5D5400DAAFFA /* Frameworks */ = {
			isa = PBXFrameworksBuildPhase;
			buildActionMask = 2147483647;
			files = (
				451155C82D2C632000DAAFFA /* WebRTC in Frameworks */,
				451155D02D2EA2F600DAAFFA /* SocketIO in Frameworks */,
			);
			runOnlyForDeploymentPostprocessing = 0;
		};
		451155A42D2C5D5600DAAFFA /* Frameworks */ = {
			isa = PBXFrameworksBuildPhase;
			buildActionMask = 2147483647;
			files = (
			);
			runOnlyForDeploymentPostprocessing = 0;
		};
		451155AE2D2C5D5600DAAFFA /* Frameworks */ = {
			isa = PBXFrameworksBuildPhase;
			buildActionMask = 2147483647;
			files = (
			);
			runOnlyForDeploymentPostprocessing = 0;
		};
/* End PBXFrameworksBuildPhase section */

/* Begin PBXGroup section */
		4511558E2D2C5D5400DAAFFA = {
			isa = PBXGroup;
			children = (
				451155992D2C5D5400DAAFFA /* LVP */,
				451155AA2D2C5D5600DAAFFA /* LVPTests */,
				451155B42D2C5D5600DAAFFA /* LVPUITests */,
				451155982D2C5D5400DAAFFA /* Products */,
			);
			sourceTree = "<group>";
		};
		451155982D2C5D5400DAAFFA /* Products */ = {
			isa = PBXGroup;
			children = (
				451155972D2C5D5400DAAFFA /* LVP.app */,
				451155A72D2C5D5600DAAFFA /* LVPTests.xctest */,
				451155B12D2C5D5600DAAFFA /* LVPUITests.xctest */,
			);
			name = Products;
			sourceTree = "<group>";
		};
/* End PBXGroup section */

/* Begin PBXNativeTarget section */
		451155962D2C5D5400DAAFFA /* LVP */ = {
			isa = PBXNativeTarget;
			buildConfigurationList = 451155BB2D2C5D5600DAAFFA /* Build configuration list for PBXNativeTarget "LVP" */;
			buildPhases = (
				451155932D2C5D5400DAAFFA /* Sources */,
				451155942D2C5D5400DAAFFA /* Frameworks */,
				451155952D2C5D5400DAAFFA /* Resources */,
			);
			buildRules = (
			);
			dependencies = (
			);
			fileSystemSynchronizedGroups = (
				451155992D2C5D5400DAAFFA /* LVP */,
			);
			name = LVP;
			packageProductDependencies = (
				451155C72D2C632000DAAFFA /* WebRTC */,
				451155CF2D2EA2F600DAAFFA /* SocketIO */,
			);
			productName = LVP;
			productReference = 451155972D2C5D5400DAAFFA /* LVP.app */;
			productType = "com.apple.product-type.application";
		};
		451155A62D2C5D5600DAAFFA /* LVPTests */ = {
			isa = PBXNativeTarget;
			buildConfigurationList = 451155BE2D2C5D5600DAAFFA /* Build configuration list for PBXNativeTarget "LVPTests" */;
			buildPhases = (
				451155A32D2C5D5600DAAFFA /* Sources */,
				451155A42D2C5D5600DAAFFA /* Frameworks */,
				451155A52D2C5D5600DAAFFA /* Resources */,
			);
			buildRules = (
			);
			dependencies = (
				451155A92D2C5D5600DAAFFA /* PBXTargetDependency */,
			);
			fileSystemSynchronizedGroups = (
				451155AA2D2C5D5600DAAFFA /* LVPTests */,
			);
			name = LVPTests;
			packageProductDependencies = (
			);
			productName = LVPTests;
			productReference = 451155A72D2C5D5600DAAFFA /* LVPTests.xctest */;
			productType = "com.apple.product-type.bundle.unit-test";
		};
		451155B02D2C5D5600DAAFFA /* LVPUITests */ = {
			isa = PBXNativeTarget;
			buildConfigurationList = 451155C12D2C5D5600DAAFFA /* Build configuration list for PBXNativeTarget "LVPUITests" */;
			buildPhases = (
				451155AD2D2C5D5600DAAFFA /* Sources */,
				451155AE2D2C5D5600DAAFFA /* Frameworks */,
				451155AF2D2C5D5600DAAFFA /* Resources */,
			);
			buildRules = (
			);
			dependencies = (
				451155B32D2C5D5600DAAFFA /* PBXTargetDependency */,
			);
			fileSystemSynchronizedGroups = (
				451155B42D2C5D5600DAAFFA /* LVPUITests */,
			);
			name = LVPUITests;
			packageProductDependencies = (
			);
			productName = LVPUITests;
			productReference = 451155B12D2C5D5600DAAFFA /* LVPUITests.xctest */;
			productType = "com.apple.product-type.bundle.ui-testing";
		};
/* End PBXNativeTarget section */

/* Begin PBXProject section */
		4511558F2D2C5D5400DAAFFA /* Project object */ = {
			isa = PBXProject;
			attributes = {
				BuildIndependentTargetsInParallel = 1;
				LastSwiftUpdateCheck = 1620;
				LastUpgradeCheck = 1620;
				TargetAttributes = {
					451155962D2C5D5400DAAFFA = {
						CreatedOnToolsVersion = 16.2;
					};
					451155A62D2C5D5600DAAFFA = {
						CreatedOnToolsVersion = 16.2;
						TestTargetID = 451155962D2C5D5400DAAFFA;
					};
					451155B02D2C5D5600DAAFFA = {
						CreatedOnToolsVersion = 16.2;
						TestTargetID = 451155962D2C5D5400DAAFFA;
					};
				};
			};
			buildConfigurationList = 451155922D2C5D5400DAAFFA /* Build configuration list for PBXProject "LVP" */;
			developmentRegion = en;
			hasScannedForEncodings = 0;
			knownRegions = (
				en,
				Base,
			);
			mainGroup = 4511558E2D2C5D5400DAAFFA;
			minimizedProjectReferenceProxies = 1;
			packageReferences = (
				451155C62D2C632000DAAFFA /* XCRemoteSwiftPackageReference "WebRTC" */,
				451155CE2D2EA2F600DAAFFA /* XCRemoteSwiftPackageReference "socket" */,
			);
			preferredProjectObjectVersion = 77;
			productRefGroup = 451155982D2C5D5400DAAFFA /* Products */;
			projectDirPath = "";
			projectRoot = "";
			targets = (
				451155962D2C5D5400DAAFFA /* LVP */,
				451155A62D2C5D5600DAAFFA /* LVPTests */,
				451155B02D2C5D5600DAAFFA /* LVPUITests */,
			);
		};
/* End PBXProject section */

/* Begin PBXResourcesBuildPhase section */
		451155952D2C5D5400DAAFFA /* Resources */ = {
			isa = PBXResourcesBuildPhase;
			buildActionMask = 2147483647;
			files = (
			);
			runOnlyForDeploymentPostprocessing = 0;
		};
		451155A52D2C5D5600DAAFFA /* Resources */ = {
			isa = PBXResourcesBuildPhase;
			buildActionMask = 2147483647;
			files = (
			);
			runOnlyForDeploymentPostprocessing = 0;
		};
		451155AF2D2C5D5600DAAFFA /* Resources */ = {
			isa = PBXResourcesBuildPhase;
			buildActionMask = 2147483647;
			files = (
			);
			runOnlyForDeploymentPostprocessing = 0;
		};
/* End PBXResourcesBuildPhase section */

/* Begin PBXSourcesBuildPhase section */
		451155932D2C5D5400DAAFFA /* Sources */ = {
			isa = PBXSourcesBuildPhase;
			buildActionMask = 2147483647;
			files = (
			);
			runOnlyForDeploymentPostprocessing = 0;
		};
		451155A32D2C5D5600DAAFFA /* Sources */ = {
			isa = PBXSourcesBuildPhase;
			buildActionMask = 2147483647;
			files = (
			);
			runOnlyForDeploymentPostprocessing = 0;
		};
		451155AD2D2C5D5600DAAFFA /* Sources */ = {
			isa = PBXSourcesBuildPhase;
			buildActionMask = 2147483647;
			files = (
			);
			runOnlyForDeploymentPostprocessing = 0;
		};
/* End PBXSourcesBuildPhase section */

/* Begin PBXTargetDependency section */
		451155A92D2C5D5600DAAFFA /* PBXTargetDependency */ = {
			isa = PBXTargetDependency;
			target = 451155962D2C5D5400DAAFFA /* LVP */;
			targetProxy = 451155A82D2C5D5600DAAFFA /* PBXContainerItemProxy */;
		};
		451155B32D2C5D5600DAAFFA /* PBXTargetDependency */ = {
			isa = PBXTargetDependency;
			target = 451155962D2C5D5400DAAFFA /* LVP */;
			targetProxy = 451155B22D2C5D5600DAAFFA /* PBXContainerItemProxy */;
		};
/* End PBXTargetDependency section */

/* Begin XCBuildConfiguration section */
		451155B92D2C5D5600DAAFFA /* Debug */ = {
			isa = XCBuildConfiguration;
			buildSettings = {
				ALWAYS_SEARCH_USER_PATHS = NO;
				ASSETCATALOG_COMPILER_GENERATE_SWIFT_ASSET_SYMBOL_EXTENSIONS = YES;
				CLANG_ANALYZER_NONNULL = YES;
				CLANG_ANALYZER_NUMBER_OBJECT_CONVERSION = YES_AGGRESSIVE;
				CLANG_CXX_LANGUAGE_STANDARD = "gnu++20";
				CLANG_ENABLE_MODULES = YES;
				CLANG_ENABLE_OBJC_ARC = YES;
				CLANG_ENABLE_OBJC_WEAK = YES;
				CLANG_WARN_BLOCK_CAPTURE_AUTORELEASING = YES;
				CLANG_WARN_BOOL_CONVERSION = YES;
				CLANG_WARN_COMMA = YES;
				CLANG_WARN_CONSTANT_CONVERSION = YES;
				CLANG_WARN_DEPRECATED_OBJC_IMPLEMENTATIONS = YES;
				CLANG_WARN_DIRECT_OBJC_ISA_USAGE = YES_ERROR;
				CLANG_WARN_DOCUMENTATION_COMMENTS = YES;
				CLANG_WARN_EMPTY_BODY = YES;
				CLANG_WARN_ENUM_CONVERSION = YES;
				CLANG_WARN_INFINITE_RECURSION = YES;
				CLANG_WARN_INT_CONVERSION = YES;
				CLANG_WARN_NON_LITERAL_NULL_CONVERSION = YES;
				CLANG_WARN_OBJC_IMPLICIT_RETAIN_SELF = YES;
				CLANG_WARN_OBJC_LITERAL_CONVERSION = YES;
				CLANG_WARN_OBJC_ROOT_CLASS = YES_ERROR;
				CLANG_WARN_QUOTED_INCLUDE_IN_FRAMEWORK_HEADER = YES;
				CLANG_WARN_RANGE_LOOP_ANALYSIS = YES;
				CLANG_WARN_STRICT_PROTOTYPES = YES;
				CLANG_WARN_SUSPICIOUS_MOVE = YES;
				CLANG_WARN_UNGUARDED_AVAILABILITY = YES_AGGRESSIVE;
				CLANG_WARN_UNREACHABLE_CODE = YES;
				CLANG_WARN__DUPLICATE_METHOD_MATCH = YES;
				COPY_PHASE_STRIP = NO;
				DEBUG_INFORMATION_FORMAT = dwarf;
				ENABLE_STRICT_OBJC_MSGSEND = YES;
				ENABLE_TESTABILITY = YES;
				ENABLE_USER_SCRIPT_SANDBOXING = YES;
				GCC_C_LANGUAGE_STANDARD = gnu17;
				GCC_DYNAMIC_NO_PIC = NO;
				GCC_NO_COMMON_BLOCKS = YES;
				GCC_OPTIMIZATION_LEVEL = 0;
				GCC_PREPROCESSOR_DEFINITIONS = (
					"DEBUG=1",
					"$(inherited)",
				);
				GCC_WARN_64_TO_32_BIT_CONVERSION = YES;
				GCC_WARN_ABOUT_RETURN_TYPE = YES_ERROR;
				GCC_WARN_UNDECLARED_SELECTOR = YES;
				GCC_WARN_UNINITIALIZED_AUTOS = YES_AGGRESSIVE;
				GCC_WARN_UNUSED_FUNCTION = YES;
				GCC_WARN_UNUSED_VARIABLE = YES;
				IPHONEOS_DEPLOYMENT_TARGET = 18.2;
				LOCALIZATION_PREFERS_STRING_CATALOGS = YES;
				MTL_ENABLE_DEBUG_INFO = INCLUDE_SOURCE;
				MTL_FAST_MATH = YES;
				ONLY_ACTIVE_ARCH = YES;
				SDKROOT = iphoneos;
				SWIFT_ACTIVE_COMPILATION_CONDITIONS = "DEBUG $(inherited)";
				SWIFT_OPTIMIZATION_LEVEL = "-Onone";
			};
			name = Debug;
		};
		451155BA2D2C5D5600DAAFFA /* Release */ = {
			isa = XCBuildConfiguration;
			buildSettings = {
				ALWAYS_SEARCH_USER_PATHS = NO;
				ASSETCATALOG_COMPILER_GENERATE_SWIFT_ASSET_SYMBOL_EXTENSIONS = YES;
				CLANG_ANALYZER_NONNULL = YES;
				CLANG_ANALYZER_NUMBER_OBJECT_CONVERSION = YES_AGGRESSIVE;
				CLANG_CXX_LANGUAGE_STANDARD = "gnu++20";
				CLANG_ENABLE_MODULES = YES;
				CLANG_ENABLE_OBJC_ARC = YES;
				CLANG_ENABLE_OBJC_WEAK = YES;
				CLANG_WARN_BLOCK_CAPTURE_AUTORELEASING = YES;
				CLANG_WARN_BOOL_CONVERSION = YES;
				CLANG_WARN_COMMA = YES;
				CLANG_WARN_CONSTANT_CONVERSION = YES;
				CLANG_WARN_DEPRECATED_OBJC_IMPLEMENTATIONS = YES;
				CLANG_WARN_DIRECT_OBJC_ISA_USAGE = YES_ERROR;
				CLANG_WARN_DOCUMENTATION_COMMENTS = YES;
				CLANG_WARN_EMPTY_BODY = YES;
				CLANG_WARN_ENUM_CONVERSION = YES;
				CLANG_WARN_INFINITE_RECURSION = YES;
				CLANG_WARN_INT_CONVERSION = YES;
				CLANG_WARN_NON_LITERAL_NULL_CONVERSION = YES;
				CLANG_WARN_OBJC_IMPLICIT_RETAIN_SELF = YES;
				CLANG_WARN_OBJC_LITERAL_CONVERSION = YES;
				CLANG_WARN_OBJC_ROOT_CLASS = YES_ERROR;
				CLANG_WARN_QUOTED_INCLUDE_IN_FRAMEWORK_HEADER = YES;
				CLANG_WARN_RANGE_LOOP_ANALYSIS = YES;
				CLANG_WARN_STRICT_PROTOTYPES = YES;
				CLANG_WARN_SUSPICIOUS_MOVE = YES;
				CLANG_WARN_UNGUARDED_AVAILABILITY = YES_AGGRESSIVE;
				CLANG_WARN_UNREACHABLE_CODE = YES;
				CLANG_WARN__DUPLICATE_METHOD_MATCH = YES;
				COPY_PHASE_STRIP = NO;
				DEBUG_INFORMATION_FORMAT = "dwarf-with-dsym";
				ENABLE_NS_ASSERTIONS = NO;
				ENABLE_STRICT_OBJC_MSGSEND = YES;
				ENABLE_USER_SCRIPT_SANDBOXING = YES;
				GCC_C_LANGUAGE_STANDARD = gnu17;
				GCC_NO_COMMON_BLOCKS = YES;
				GCC_WARN_64_TO_32_BIT_CONVERSION = YES;
				GCC_WARN_ABOUT_RETURN_TYPE = YES_ERROR;
				GCC_WARN_UNDECLARED_SELECTOR = YES;
				GCC_WARN_UNINITIALIZED_AUTOS = YES_AGGRESSIVE;
				GCC_WARN_UNUSED_FUNCTION = YES;
				GCC_WARN_UNUSED_VARIABLE = YES;
				IPHONEOS_DEPLOYMENT_TARGET = 18.2;
				LOCALIZATION_PREFERS_STRING_CATALOGS = YES;
				MTL_ENABLE_DEBUG_INFO = NO;
				MTL_FAST_MATH = YES;
				SDKROOT = iphoneos;
				SWIFT_COMPILATION_MODE = wholemodule;
				VALIDATE_PRODUCT = YES;
			};
			name = Release;
		};
		451155BC2D2C5D5600DAAFFA /* Debug */ = {
			isa = XCBuildConfiguration;
			buildSettings = {
				ASSETCATALOG_COMPILER_APPICON_NAME = AppIcon;
				ASSETCATALOG_COMPILER_GLOBAL_ACCENT_COLOR_NAME = AccentColor;
				CODE_SIGN_STYLE = Automatic;
				CURRENT_PROJECT_VERSION = 1;
				DEVELOPMENT_ASSET_PATHS = "\"LVP/Preview Content\"";
				DEVELOPMENT_TEAM = 5A34C2WAYH;
				ENABLE_PREVIEWS = YES;
				GENERATE_INFOPLIST_FILE = YES;
				INFOPLIST_FILE = LVP/Info.plist;
				INFOPLIST_KEY_UIApplicationSceneManifest_Generation = YES;
				INFOPLIST_KEY_UIApplicationSupportsIndirectInputEvents = YES;
				INFOPLIST_KEY_UILaunchScreen_Generation = YES;
				INFOPLIST_KEY_UISupportedInterfaceOrientations_iPad = "UIInterfaceOrientationPortrait UIInterfaceOrientationPortraitUpsideDown UIInterfaceOrientationLandscapeLeft UIInterfaceOrientationLandscapeRight";
				INFOPLIST_KEY_UISupportedInterfaceOrientations_iPhone = "UIInterfaceOrientationPortrait UIInterfaceOrientationLandscapeLeft UIInterfaceOrientationLandscapeRight";
				IPHONEOS_DEPLOYMENT_TARGET = 15.6;
				LD_RUNPATH_SEARCH_PATHS = (
					"$(inherited)",
					"@executable_path/Frameworks",
				);
				MARKETING_VERSION = 1.0;
				PRODUCT_BUNDLE_IDENTIFIER = com.Transearly.LVP;
				PRODUCT_NAME = "$(TARGET_NAME)";
				SWIFT_EMIT_LOC_STRINGS = YES;
				SWIFT_VERSION = 5.0;
				TARGETED_DEVICE_FAMILY = "1,2";
			};
			name = Debug;
		};
		451155BD2D2C5D5600DAAFFA /* Release */ = {
			isa = XCBuildConfiguration;
			buildSettings = {
				ASSETCATALOG_COMPILER_APPICON_NAME = AppIcon;
				ASSETCATALOG_COMPILER_GLOBAL_ACCENT_COLOR_NAME = AccentColor;
				CODE_SIGN_STYLE = Automatic;
				CURRENT_PROJECT_VERSION = 1;
				DEVELOPMENT_ASSET_PATHS = "\"LVP/Preview Content\"";
				DEVELOPMENT_TEAM = 5A34C2WAYH;
				ENABLE_PREVIEWS = YES;
				GENERATE_INFOPLIST_FILE = YES;
				INFOPLIST_FILE = LVP/Info.plist;
				INFOPLIST_KEY_UIApplicationSceneManifest_Generation = YES;
				INFOPLIST_KEY_UIApplicationSupportsIndirectInputEvents = YES;
				INFOPLIST_KEY_UILaunchScreen_Generation = YES;
				INFOPLIST_KEY_UISupportedInterfaceOrientations_iPad = "UIInterfaceOrientationPortrait UIInterfaceOrientationPortraitUpsideDown UIInterfaceOrientationLandscapeLeft UIInterfaceOrientationLandscapeRight";
				INFOPLIST_KEY_UISupportedInterfaceOrientations_iPhone = "UIInterfaceOrientationPortrait UIInterfaceOrientationLandscapeLeft UIInterfaceOrientationLandscapeRight";
				IPHONEOS_DEPLOYMENT_TARGET = 15.6;
				LD_RUNPATH_SEARCH_PATHS = (
					"$(inherited)",
					"@executable_path/Frameworks",
				);
				MARKETING_VERSION = 1.0;
				PRODUCT_BUNDLE_IDENTIFIER = com.Transearly.LVP;
				PRODUCT_NAME = "$(TARGET_NAME)";
				SWIFT_EMIT_LOC_STRINGS = YES;
				SWIFT_VERSION = 5.0;
				TARGETED_DEVICE_FAMILY = "1,2";
			};
			name = Release;
		};
		451155BF2D2C5D5600DAAFFA /* Debug */ = {
			isa = XCBuildConfiguration;
			buildSettings = {
				BUNDLE_LOADER = "$(TEST_HOST)";
				CODE_SIGN_STYLE = Automatic;
				CURRENT_PROJECT_VERSION = 1;
				DEVELOPMENT_TEAM = 5A34C2WAYH;
				GENERATE_INFOPLIST_FILE = YES;
				IPHONEOS_DEPLOYMENT_TARGET = 18.2;
				MARKETING_VERSION = 1.0;
				PRODUCT_BUNDLE_IDENTIFIER = com.Transearly.LVPTests;
				PRODUCT_NAME = "$(TARGET_NAME)";
				SWIFT_EMIT_LOC_STRINGS = NO;
				SWIFT_VERSION = 5.0;
				TARGETED_DEVICE_FAMILY = "1,2";
				TEST_HOST = "$(BUILT_PRODUCTS_DIR)/LVP.app/$(BUNDLE_EXECUTABLE_FOLDER_PATH)/LVP";
			};
			name = Debug;
		};
		451155C02D2C5D5600DAAFFA /* Release */ = {
			isa = XCBuildConfiguration;
			buildSettings = {
				BUNDLE_LOADER = "$(TEST_HOST)";
				CODE_SIGN_STYLE = Automatic;
				CURRENT_PROJECT_VERSION = 1;
				DEVELOPMENT_TEAM = 5A34C2WAYH;
				GENERATE_INFOPLIST_FILE = YES;
				IPHONEOS_DEPLOYMENT_TARGET = 18.2;
				MARKETING_VERSION = 1.0;
				PRODUCT_BUNDLE_IDENTIFIER = com.Transearly.LVPTests;
				PRODUCT_NAME = "$(TARGET_NAME)";
				SWIFT_EMIT_LOC_STRINGS = NO;
				SWIFT_VERSION = 5.0;
				TARGETED_DEVICE_FAMILY = "1,2";
				TEST_HOST = "$(BUILT_PRODUCTS_DIR)/LVP.app/$(BUNDLE_EXECUTABLE_FOLDER_PATH)/LVP";
			};
			name = Release;
		};
		451155C22D2C5D5600DAAFFA /* Debug */ = {
			isa = XCBuildConfiguration;
			buildSettings = {
				CODE_SIGN_STYLE = Automatic;
				CURRENT_PROJECT_VERSION = 1;
				DEVELOPMENT_TEAM = 5A34C2WAYH;
				GENERATE_INFOPLIST_FILE = YES;
				MARKETING_VERSION = 1.0;
				PRODUCT_BUNDLE_IDENTIFIER = com.Transearly.LVPUITests;
				PRODUCT_NAME = "$(TARGET_NAME)";
				SWIFT_EMIT_LOC_STRINGS = NO;
				SWIFT_VERSION = 5.0;
				TARGETED_DEVICE_FAMILY = "1,2";
				TEST_TARGET_NAME = LVP;
			};
			name = Debug;
		};
		451155C32D2C5D5600DAAFFA /* Release */ = {
			isa = XCBuildConfiguration;
			buildSettings = {
				CODE_SIGN_STYLE = Automatic;
				CURRENT_PROJECT_VERSION = 1;
				DEVELOPMENT_TEAM = 5A34C2WAYH;
				GENERATE_INFOPLIST_FILE = YES;
				MARKETING_VERSION = 1.0;
				PRODUCT_BUNDLE_IDENTIFIER = com.Transearly.LVPUITests;
				PRODUCT_NAME = "$(TARGET_NAME)";
				SWIFT_EMIT_LOC_STRINGS = NO;
				SWIFT_VERSION = 5.0;
				TARGETED_DEVICE_FAMILY = "1,2";
				TEST_TARGET_NAME = LVP;
			};
			name = Release;
		};
/* End XCBuildConfiguration section */

/* Begin XCConfigurationList section */
		451155922D2C5D5400DAAFFA /* Build configuration list for PBXProject "LVP" */ = {
			isa = XCConfigurationList;
			buildConfigurations = (
				451155B92D2C5D5600DAAFFA /* Debug */,
				451155BA2D2C5D5600DAAFFA /* Release */,
			);
			defaultConfigurationIsVisible = 0;
			defaultConfigurationName = Release;
		};
		451155BB2D2C5D5600DAAFFA /* Build configuration list for PBXNativeTarget "LVP" */ = {
			isa = XCConfigurationList;
			buildConfigurations = (
				451155BC2D2C5D5600DAAFFA /* Debug */,
				451155BD2D2C5D5600DAAFFA /* Release */,
			);
			defaultConfigurationIsVisible = 0;
			defaultConfigurationName = Release;
		};
		451155BE2D2C5D5600DAAFFA /* Build configuration list for PBXNativeTarget "LVPTests" */ = {
			isa = XCConfigurationList;
			buildConfigurations = (
				451155BF2D2C5D5600DAAFFA /* Debug */,
				451155C02D2C5D5600DAAFFA /* Release */,
			);
			defaultConfigurationIsVisible = 0;
			defaultConfigurationName = Release;
		};
		451155C12D2C5D5600DAAFFA /* Build configuration list for PBXNativeTarget "LVPUITests" */ = {
			isa = XCConfigurationList;
			buildConfigurations = (
				451155C22D2C5D5600DAAFFA /* Debug */,
				451155C32D2C5D5600DAAFFA /* Release */,
			);
			defaultConfigurationIsVisible = 0;
			defaultConfigurationName = Release;
		};
/* End XCConfigurationList section */

/* Begin XCRemoteSwiftPackageReference section */
		451155C62D2C632000DAAFFA /* XCRemoteSwiftPackageReference "WebRTC" */ = {
			isa = XCRemoteSwiftPackageReference;
			repositoryURL = "https://github.com/stasel/WebRTC.git";
			requirement = {
				kind = upToNextMajorVersion;
				minimumVersion = 130.0.0;
			};
		};
		451155CE2D2EA2F600DAAFFA /* XCRemoteSwiftPackageReference "socket" */ = {
			isa = XCRemoteSwiftPackageReference;
			repositoryURL = "https://github.com/socketio/socket.io-client-swift";
			requirement = {
				branch = master;
				kind = branch;
			};
		};
/* End XCRemoteSwiftPackageReference section */

/* Begin XCSwiftPackageProductDependency section */
		451155C72D2C632000DAAFFA /* WebRTC */ = {
			isa = XCSwiftPackageProductDependency;
			package = 451155C62D2C632000DAAFFA /* XCRemoteSwiftPackageReference "WebRTC" */;
			productName = WebRTC;
		};
		451155CF2D2EA2F600DAAFFA /* SocketIO */ = {
			isa = XCSwiftPackageProductDependency;
			package = 451155CE2D2EA2F600DAAFFA /* XCRemoteSwiftPackageReference "socket" */;
			productName = SocketIO;
		};
/* End XCSwiftPackageProductDependency section */
	};
	rootObject = 4511558F2D2C5D5400DAAFFA /* Project object */;
}
